PODS:
  - SwiftShell (5.1.0)

DEPENDENCIES:
  - SwiftShell (from `https://github.com/kareman/SwiftShell.git`)

EXTERNAL SOURCES:
  SwiftShell:
    :git: https://github.com/kareman/SwiftShell.git

CHECKOUT OPTIONS:
  SwiftShell:
    :commit: 99680b2efc7c7dbcace1da0b3979d266f02e213c
    :git: https://github.com/kareman/SwiftShell.git

SPEC CHECKSUMS:
  SwiftShell: 0c2c6f2fcfc210e84a7b06390581923e2aab2ec7

PODFILE CHECKSUM: 8296ce4b546d6d228c24725ad3bfc125298314e8

COCOAPODS: 1.9.3
