PODS:
  - SwiftShell (4.1.2)

DEPENDENCIES:
  - SwiftShell (from `https://github.com/kareman/SwiftShell.git`)

EXTERNAL SOURCES:
  SwiftShell:
    :git: https://github.com/kareman/SwiftShell.git

CHECKOUT OPTIONS:
  SwiftShell:
    :commit: beebe43c986d89ea5359ac3adcb42dac94e5e08a
    :git: https://github.com/kareman/SwiftShell.git

SPEC CHECKSUMS:
  SwiftShell: d5d2d779b8b704a79ef42c753c1f1afa44e6ffcc

PODFILE CHECKSUM: 6788ee383122375a35ffe6d47126fefd4933eade

COCOAPODS: 1.6.0.beta.2
